
Microsoft Visual Studio Solution File, Format Version 12.00
# Visual Studio Version 16
VisualStudioVersion = 16.0.30204.135
MinimumVisualStudioVersion = 10.0.40219.1
Project("{FAE04EC0-301F-11D3-BF4B-00C04F79EFBC}") = "PA9_Limnan", "PA9_Limnan\PA9_Limnan.csproj", "{46165889-82A5-4EFB-A2F6-8E1E260F019B}"
EndProject
Global
	GlobalSection(SolutionConfigurationPlatforms) = preSolution
		Debug|Any CPU = Debug|Any CPU
		Release|Any CPU = Release|Any CPU
	EndGlobalSection
	GlobalSection(ProjectConfigurationPlatforms) = postSolution
		{46165889-82A5-4EFB-A2F6-8E1E260F019B}.Debug|Any CPU.ActiveCfg = Debug|Any CPU
		{46165889-82A5-4EFB-A2F6-8E1E260F019B}.Debug|Any CPU.Build.0 = Debug|Any CPU
		{46165889-82A5-4EFB-A2F6-8E1E260F019B}.Release|Any CPU.ActiveCfg = Release|Any CPU
		{46165889-82A5-4EFB-A2F6-8E1E260F019B}.Release|Any CPU.Build.0 = Release|Any CPU
	EndGlobalSection
	GlobalSection(SolutionProperties) = preSolution
		HideSolutionNode = FALSE
	EndGlobalSection
	GlobalSection(ExtensibilityGlobals) = postSolution
		SolutionGuid = {1FC7B2DA-B363-4A5F-B5AB-A1DB4A5FB19B}
	EndGlobalSection
EndGlobal
